
Microsoft Visual Studio Solution File, Format Version 12.00
# Visual Studio 15
VisualStudioVersion = 15.0.28307.2017
MinimumVisualStudioVersion = 10.0.40219.1
Project("{8BC9CEB8-8B4A-11D0-8D11-00A0C91BC942}") = "01_Matrix", "01_Matrix\01_Matrix.vcxproj", "{36885C8F-D2C6-4935-B6B3-0829075EA679}"
EndProject
Global
	GlobalSection(SolutionConfigurationPlatforms) = preSolution
		Debug|x64 = Debug|x64
		Debug|x86 = Debug|x86
		Release|x64 = Release|x64
		Release|x86 = Release|x86
	EndGlobalSection
	GlobalSection(ProjectConfigurationPlatforms) = postSolution
		{36885C8F-D2C6-4935-B6B3-0829075EA679}.Debug|x64.ActiveCfg = Debug|x64
		{36885C8F-D2C6-4935-B6B3-0829075EA679}.Debug|x64.Build.0 = Debug|x64
		{36885C8F-D2C6-4935-B6B3-0829075EA679}.Debug|x86.ActiveCfg = Debug|Win32
		{36885C8F-D2C6-4935-B6B3-0829075EA679}.Debug|x86.Build.0 = Debug|Win32
		{36885C8F-D2C6-4935-B6B3-0829075EA679}.Release|x64.ActiveCfg = Release|x64
		{36885C8F-D2C6-4935-B6B3-0829075EA679}.Release|x64.Build.0 = Release|x64
		{36885C8F-D2C6-4935-B6B3-0829075EA679}.Release|x86.ActiveCfg = Release|Win32
		{36885C8F-D2C6-4935-B6B3-0829075EA679}.Release|x86.Build.0 = Release|Win32
	EndGlobalSection
	GlobalSection(SolutionProperties) = preSolution
		HideSolutionNode = FALSE
	EndGlobalSection
	GlobalSection(ExtensibilityGlobals) = postSolution
		SolutionGuid = {28A66E0F-86AC-48FF-ABD9-D90798B589FE}
	EndGlobalSection
EndGlobal
