
Microsoft Visual Studio Solution File, Format Version 12.00
# Visual Studio 15
VisualStudioVersion = 15.0.28307.2017
MinimumVisualStudioVersion = 10.0.40219.1
Project("{8BC9CEB8-8B4A-11D0-8D11-00A0C91BC942}") = "Shortest_Bridge_3", "Shortest_Bridge_3\Shortest_Bridge_3.vcxproj", "{05811519-2F62-41FD-B57F-B1FD318510CC}"
EndProject
Global
	GlobalSection(SolutionConfigurationPlatforms) = preSolution
		Debug|x64 = Debug|x64
		Debug|x86 = Debug|x86
		Release|x64 = Release|x64
		Release|x86 = Release|x86
	EndGlobalSection
	GlobalSection(ProjectConfigurationPlatforms) = postSolution
		{05811519-2F62-41FD-B57F-B1FD318510CC}.Debug|x64.ActiveCfg = Debug|x64
		{05811519-2F62-41FD-B57F-B1FD318510CC}.Debug|x64.Build.0 = Debug|x64
		{05811519-2F62-41FD-B57F-B1FD318510CC}.Debug|x86.ActiveCfg = Debug|Win32
		{05811519-2F62-41FD-B57F-B1FD318510CC}.Debug|x86.Build.0 = Debug|Win32
		{05811519-2F62-41FD-B57F-B1FD318510CC}.Release|x64.ActiveCfg = Release|x64
		{05811519-2F62-41FD-B57F-B1FD318510CC}.Release|x64.Build.0 = Release|x64
		{05811519-2F62-41FD-B57F-B1FD318510CC}.Release|x86.ActiveCfg = Release|Win32
		{05811519-2F62-41FD-B57F-B1FD318510CC}.Release|x86.Build.0 = Release|Win32
	EndGlobalSection
	GlobalSection(SolutionProperties) = preSolution
		HideSolutionNode = FALSE
	EndGlobalSection
	GlobalSection(ExtensibilityGlobals) = postSolution
		SolutionGuid = {23C74905-22C0-4FEC-BC93-7072B6A9E319}
	EndGlobalSection
EndGlobal
