
Microsoft Visual Studio Solution File, Format Version 12.00
# Visual Studio Version 16
VisualStudioVersion = 16.0.34114.132
MinimumVisualStudioVersion = 10.0.40219.1
Project("{8BC9CEB8-8B4A-11D0-8D11-00A0C91BC942}") = "Eliminating_String_with_repitition_of_Character", "Eliminating_String_with_repitition_of_Character.vcxproj", "{2D504DDF-11C3-4D80-A009-4C8F95547942}"
EndProject
Global
	GlobalSection(SolutionConfigurationPlatforms) = preSolution
		Debug|x64 = Debug|x64
		Debug|x86 = Debug|x86
		Release|x64 = Release|x64
		Release|x86 = Release|x86
	EndGlobalSection
	GlobalSection(ProjectConfigurationPlatforms) = postSolution
		{2D504DDF-11C3-4D80-A009-4C8F95547942}.Debug|x64.ActiveCfg = Debug|x64
		{2D504DDF-11C3-4D80-A009-4C8F95547942}.Debug|x64.Build.0 = Debug|x64
		{2D504DDF-11C3-4D80-A009-4C8F95547942}.Debug|x86.ActiveCfg = Debug|Win32
		{2D504DDF-11C3-4D80-A009-4C8F95547942}.Debug|x86.Build.0 = Debug|Win32
		{2D504DDF-11C3-4D80-A009-4C8F95547942}.Release|x64.ActiveCfg = Release|x64
		{2D504DDF-11C3-4D80-A009-4C8F95547942}.Release|x64.Build.0 = Release|x64
		{2D504DDF-11C3-4D80-A009-4C8F95547942}.Release|x86.ActiveCfg = Release|Win32
		{2D504DDF-11C3-4D80-A009-4C8F95547942}.Release|x86.Build.0 = Release|Win32
	EndGlobalSection
	GlobalSection(SolutionProperties) = preSolution
		HideSolutionNode = FALSE
	EndGlobalSection
	GlobalSection(ExtensibilityGlobals) = postSolution
		SolutionGuid = {AD7D5A0C-253E-46C4-8074-BDA79C889D7C}
	EndGlobalSection
EndGlobal
