
Microsoft Visual Studio Solution File, Format Version 12.00
# Visual Studio 15
VisualStudioVersion = 15.0.28307.2017
MinimumVisualStudioVersion = 10.0.40219.1
Project("{8BC9CEB8-8B4A-11D0-8D11-00A0C91BC942}") = "Shortest_Path_with_Obstacle_Elimination_Backtrack", "Shortest_Path_with_Obstacle_Elimination_Backtrack\Shortest_Path_with_Obstacle_Elimination_Backtrack.vcxproj", "{CD32F0A2-1389-4525-BCAC-435FFA290200}"
EndProject
Global
	GlobalSection(SolutionConfigurationPlatforms) = preSolution
		Debug|x64 = Debug|x64
		Debug|x86 = Debug|x86
		Release|x64 = Release|x64
		Release|x86 = Release|x86
	EndGlobalSection
	GlobalSection(ProjectConfigurationPlatforms) = postSolution
		{CD32F0A2-1389-4525-BCAC-435FFA290200}.Debug|x64.ActiveCfg = Debug|x64
		{CD32F0A2-1389-4525-BCAC-435FFA290200}.Debug|x64.Build.0 = Debug|x64
		{CD32F0A2-1389-4525-BCAC-435FFA290200}.Debug|x86.ActiveCfg = Debug|Win32
		{CD32F0A2-1389-4525-BCAC-435FFA290200}.Debug|x86.Build.0 = Debug|Win32
		{CD32F0A2-1389-4525-BCAC-435FFA290200}.Release|x64.ActiveCfg = Release|x64
		{CD32F0A2-1389-4525-BCAC-435FFA290200}.Release|x64.Build.0 = Release|x64
		{CD32F0A2-1389-4525-BCAC-435FFA290200}.Release|x86.ActiveCfg = Release|Win32
		{CD32F0A2-1389-4525-BCAC-435FFA290200}.Release|x86.Build.0 = Release|Win32
	EndGlobalSection
	GlobalSection(SolutionProperties) = preSolution
		HideSolutionNode = FALSE
	EndGlobalSection
	GlobalSection(ExtensibilityGlobals) = postSolution
		SolutionGuid = {E9D8B4A4-6030-4F14-85F8-063AAD6937E0}
	EndGlobalSection
EndGlobal
