
Microsoft Visual Studio Solution File, Format Version 12.00
# Visual Studio Version 17
VisualStudioVersion = 17.9.34616.47
MinimumVisualStudioVersion = 10.0.40219.1
Project("{8BC9CEB8-8B4A-11D0-8D11-00A0C91BC942}") = "Subsets_2", "Subsets_2\Subsets_2.vcxproj", "{40C3C1C6-C65D-4AA7-8504-55CF662EBF67}"
EndProject
Global
	GlobalSection(SolutionConfigurationPlatforms) = preSolution
		Debug|x64 = Debug|x64
		Debug|x86 = Debug|x86
		Release|x64 = Release|x64
		Release|x86 = Release|x86
	EndGlobalSection
	GlobalSection(ProjectConfigurationPlatforms) = postSolution
		{40C3C1C6-C65D-4AA7-8504-55CF662EBF67}.Debug|x64.ActiveCfg = Debug|x64
		{40C3C1C6-C65D-4AA7-8504-55CF662EBF67}.Debug|x64.Build.0 = Debug|x64
		{40C3C1C6-C65D-4AA7-8504-55CF662EBF67}.Debug|x86.ActiveCfg = Debug|Win32
		{40C3C1C6-C65D-4AA7-8504-55CF662EBF67}.Debug|x86.Build.0 = Debug|Win32
		{40C3C1C6-C65D-4AA7-8504-55CF662EBF67}.Release|x64.ActiveCfg = Release|x64
		{40C3C1C6-C65D-4AA7-8504-55CF662EBF67}.Release|x64.Build.0 = Release|x64
		{40C3C1C6-C65D-4AA7-8504-55CF662EBF67}.Release|x86.ActiveCfg = Release|Win32
		{40C3C1C6-C65D-4AA7-8504-55CF662EBF67}.Release|x86.Build.0 = Release|Win32
	EndGlobalSection
	GlobalSection(SolutionProperties) = preSolution
		HideSolutionNode = FALSE
	EndGlobalSection
	GlobalSection(ExtensibilityGlobals) = postSolution
		SolutionGuid = {439ADE1B-4180-482A-A1DC-A09E5F753EE2}
	EndGlobalSection
EndGlobal
