
Microsoft Visual Studio Solution File, Format Version 12.00
# Visual Studio 15
VisualStudioVersion = 15.0.28307.2017
MinimumVisualStudioVersion = 10.0.40219.1
Project("{8BC9CEB8-8B4A-11D0-8D11-00A0C91BC942}") = "Permutation_Combination", "Permutation_Combination\Permutation_Combination.vcxproj", "{3B8BD6E7-5087-43B2-B403-89BD83E3464E}"
EndProject
Global
	GlobalSection(SolutionConfigurationPlatforms) = preSolution
		Debug|x64 = Debug|x64
		Debug|x86 = Debug|x86
		Release|x64 = Release|x64
		Release|x86 = Release|x86
	EndGlobalSection
	GlobalSection(ProjectConfigurationPlatforms) = postSolution
		{3B8BD6E7-5087-43B2-B403-89BD83E3464E}.Debug|x64.ActiveCfg = Debug|x64
		{3B8BD6E7-5087-43B2-B403-89BD83E3464E}.Debug|x64.Build.0 = Debug|x64
		{3B8BD6E7-5087-43B2-B403-89BD83E3464E}.Debug|x86.ActiveCfg = Debug|Win32
		{3B8BD6E7-5087-43B2-B403-89BD83E3464E}.Debug|x86.Build.0 = Debug|Win32
		{3B8BD6E7-5087-43B2-B403-89BD83E3464E}.Release|x64.ActiveCfg = Release|x64
		{3B8BD6E7-5087-43B2-B403-89BD83E3464E}.Release|x64.Build.0 = Release|x64
		{3B8BD6E7-5087-43B2-B403-89BD83E3464E}.Release|x86.ActiveCfg = Release|Win32
		{3B8BD6E7-5087-43B2-B403-89BD83E3464E}.Release|x86.Build.0 = Release|Win32
	EndGlobalSection
	GlobalSection(SolutionProperties) = preSolution
		HideSolutionNode = FALSE
	EndGlobalSection
	GlobalSection(ExtensibilityGlobals) = postSolution
		SolutionGuid = {470F1468-2DA0-48D9-9F39-DCD8BCDB735C}
	EndGlobalSection
EndGlobal
