
Microsoft Visual Studio Solution File, Format Version 12.00
# Visual Studio 15
VisualStudioVersion = 15.0.28307.2017
MinimumVisualStudioVersion = 10.0.40219.1
Project("{8BC9CEB8-8B4A-11D0-8D11-00A0C91BC942}") = "As_Far_from_Land_as_Possible", "As_Far_from_Land_as_Possible\As_Far_from_Land_as_Possible.vcxproj", "{1126C079-984C-40C5-B5B6-ADAD6E6E9516}"
EndProject
Global
	GlobalSection(SolutionConfigurationPlatforms) = preSolution
		Debug|x64 = Debug|x64
		Debug|x86 = Debug|x86
		Release|x64 = Release|x64
		Release|x86 = Release|x86
	EndGlobalSection
	GlobalSection(ProjectConfigurationPlatforms) = postSolution
		{1126C079-984C-40C5-B5B6-ADAD6E6E9516}.Debug|x64.ActiveCfg = Debug|x64
		{1126C079-984C-40C5-B5B6-ADAD6E6E9516}.Debug|x64.Build.0 = Debug|x64
		{1126C079-984C-40C5-B5B6-ADAD6E6E9516}.Debug|x86.ActiveCfg = Debug|Win32
		{1126C079-984C-40C5-B5B6-ADAD6E6E9516}.Debug|x86.Build.0 = Debug|Win32
		{1126C079-984C-40C5-B5B6-ADAD6E6E9516}.Release|x64.ActiveCfg = Release|x64
		{1126C079-984C-40C5-B5B6-ADAD6E6E9516}.Release|x64.Build.0 = Release|x64
		{1126C079-984C-40C5-B5B6-ADAD6E6E9516}.Release|x86.ActiveCfg = Release|Win32
		{1126C079-984C-40C5-B5B6-ADAD6E6E9516}.Release|x86.Build.0 = Release|Win32
	EndGlobalSection
	GlobalSection(SolutionProperties) = preSolution
		HideSolutionNode = FALSE
	EndGlobalSection
	GlobalSection(ExtensibilityGlobals) = postSolution
		SolutionGuid = {0BA326CF-E9FA-4B94-BEF5-92E91A1A98B2}
	EndGlobalSection
EndGlobal
