
Microsoft Visual Studio Solution File, Format Version 12.00
# Visual Studio 15
VisualStudioVersion = 15.0.28307.2017
MinimumVisualStudioVersion = 10.0.40219.1
Project("{8BC9CEB8-8B4A-11D0-8D11-00A0C91BC942}") = "Spiral_Matrix_2", "Spiral_Matrix_2\Spiral_Matrix_2.vcxproj", "{FF25A263-97A0-4B16-9CF4-60FE8255C7E2}"
EndProject
Global
	GlobalSection(SolutionConfigurationPlatforms) = preSolution
		Debug|x64 = Debug|x64
		Debug|x86 = Debug|x86
		Release|x64 = Release|x64
		Release|x86 = Release|x86
	EndGlobalSection
	GlobalSection(ProjectConfigurationPlatforms) = postSolution
		{FF25A263-97A0-4B16-9CF4-60FE8255C7E2}.Debug|x64.ActiveCfg = Debug|x64
		{FF25A263-97A0-4B16-9CF4-60FE8255C7E2}.Debug|x64.Build.0 = Debug|x64
		{FF25A263-97A0-4B16-9CF4-60FE8255C7E2}.Debug|x86.ActiveCfg = Debug|Win32
		{FF25A263-97A0-4B16-9CF4-60FE8255C7E2}.Debug|x86.Build.0 = Debug|Win32
		{FF25A263-97A0-4B16-9CF4-60FE8255C7E2}.Release|x64.ActiveCfg = Release|x64
		{FF25A263-97A0-4B16-9CF4-60FE8255C7E2}.Release|x64.Build.0 = Release|x64
		{FF25A263-97A0-4B16-9CF4-60FE8255C7E2}.Release|x86.ActiveCfg = Release|Win32
		{FF25A263-97A0-4B16-9CF4-60FE8255C7E2}.Release|x86.Build.0 = Release|Win32
	EndGlobalSection
	GlobalSection(SolutionProperties) = preSolution
		HideSolutionNode = FALSE
	EndGlobalSection
	GlobalSection(ExtensibilityGlobals) = postSolution
		SolutionGuid = {B3B89BA5-C663-419A-BD69-655C3373253A}
	EndGlobalSection
EndGlobal
